# THIS IS AN AUTOGENERATED FILE. DO NOT EDIT THIS FILE DIRECTLY.
# yarn lockfile v1


term-size@2.1.0:
  version "2.1.0"
  resolved "https://registry.yarnpkg.com/term-size/-/term-size-2.1.0.tgz#3aec444c07a7cf936e157c1dc224b590c3c7eef2"
  integrity sha512-I42EWhJ+2aeNQawGx1VtpO0DFI9YcfuvAMNIdKyf/6sRbHJ4P+ZQ/zIT87tE+ln1ymAGcCJds4dolfSAS0AcNg==
